
Microsoft Visual Studio Solution File, Format Version 12.00
# Visual Studio 15
VisualStudioVersion = 15.0.27703.1
MinimumVisualStudioVersion = 10.0.40219.1
Project("{FAE04EC0-301F-11D3-BF4B-00C04F79EFBC}") = "Q3Cipher", "Q3Cipher\Q3Cipher.csproj", "{FF6CE430-6343-4059-99D8-B1E5871E67AD}"
EndProject
Global
	GlobalSection(SolutionConfigurationPlatforms) = preSolution
		Debug|Any CPU = Debug|Any CPU
		Release|Any CPU = Release|Any CPU
	EndGlobalSection
	GlobalSection(ProjectConfigurationPlatforms) = postSolution
		{FF6CE430-6343-4059-99D8-B1E5871E67AD}.Debug|Any CPU.ActiveCfg = Debug|Any CPU
		{FF6CE430-6343-4059-99D8-B1E5871E67AD}.Debug|Any CPU.Build.0 = Debug|Any CPU
		{FF6CE430-6343-4059-99D8-B1E5871E67AD}.Release|Any CPU.ActiveCfg = Release|Any CPU
		{FF6CE430-6343-4059-99D8-B1E5871E67AD}.Release|Any CPU.Build.0 = Release|Any CPU
	EndGlobalSection
	GlobalSection(SolutionProperties) = preSolution
		HideSolutionNode = FALSE
	EndGlobalSection
	GlobalSection(ExtensibilityGlobals) = postSolution
		SolutionGuid = {2A1FD2CD-60FC-4F00-89A7-6196AAE2E1E3}
	EndGlobalSection
EndGlobal
